
Microsoft Visual Studio Solution File, Format Version 12.00
# Visual Studio Version 17
VisualStudioVersion = 17.5.33502.453
MinimumVisualStudioVersion = 10.0.40219.1
Project("{2150E333-8FDC-42A3-9474-1A3956D46DE8}") = "src", "src", "{10BAE420-7F60-4603-9194-85346D0ABBF3}"
EndProject
Project("{2150E333-8FDC-42A3-9474-1A3956D46DE8}") = "building blocks", "building blocks", "{CD256004-D142-4E03-98C3-BC4ADCD33ADE}"
EndProject
Project("{2150E333-8FDC-42A3-9474-1A3956D46DE8}") = "Services", "Services", "{4A3B5BBE-603C-4056-A33F-EF7DA48C74A7}"
EndProject
Project("{2150E333-8FDC-42A3-9474-1A3956D46DE8}") = "Web", "Web", "{B0D86A5E-AE98-49B3-B58C-11D6B584D9C8}"
EndProject
Project("{2150E333-8FDC-42A3-9474-1A3956D46DE8}") = "Identity", "Identity", "{7768BAE5-0C76-4AF7-A584-0CE1C6CF6CE9}"
EndProject
Project("{9A19103F-16F7-4668-BE54-9A1E7A4F7556}") = "NS.Identity.API", "src\services\NS.Identity.API\NS.Identity.API.csproj", "{90C30E96-37F0-4E02-8056-F64ED06A1ACB}"
EndProject
Project("{2150E333-8FDC-42A3-9474-1A3956D46DE8}") = "MVC", "MVC", "{5C1A42D9-5BC1-4255-97C8-0D233E5E690F}"
EndProject
Project("{9A19103F-16F7-4668-BE54-9A1E7A4F7556}") = "NS.WebApp.MVC", "src\web\NS.WebApp.MVC\NS.WebApp.MVC.csproj", "{E2CA6BDB-F9A5-4729-8B86-0BD8EE92C311}"
EndProject
Project("{2150E333-8FDC-42A3-9474-1A3956D46DE8}") = "Core", "Core", "{8C450CA0-5924-4E2D-B47E-BBA394647C2A}"
EndProject
Project("{9A19103F-16F7-4668-BE54-9A1E7A4F7556}") = "NS.Core", "src\building blocks\NS.Core\NS.Core.csproj", "{F7B1F91C-BC6A-456A-8B73-B5B527D20B01}"
EndProject
Project("{2150E333-8FDC-42A3-9474-1A3956D46DE8}") = "Catalog", "Catalog", "{6C408877-5A0E-4232-B5C3-24B291512F7F}"
EndProject
Project("{9A19103F-16F7-4668-BE54-9A1E7A4F7556}") = "NS.Catalog.API", "src\services\NS.Catalog.API\NS.Catalog.API.csproj", "{7D241F35-8879-49CA-84AC-C39E0B667BE8}"
EndProject
Project("{2150E333-8FDC-42A3-9474-1A3956D46DE8}") = "Services", "Services", "{EE45A56E-F95D-42CC-B8C0-1FAB42F5CB0C}"
EndProject
Project("{9A19103F-16F7-4668-BE54-9A1E7A4F7556}") = "NS.WebApi.Core", "src\building blocks\NS.WebApi.Core\NS.WebApi.Core.csproj", "{3011CAEC-8B77-46F6-91D8-9A9B58B69878}"
EndProject
Project("{2150E333-8FDC-42A3-9474-1A3956D46DE8}") = "Clients", "Clients", "{D4318165-6DE1-4AC1-A097-8CB64B7D6C9D}"
EndProject
Project("{9A19103F-16F7-4668-BE54-9A1E7A4F7556}") = "NS.Clients.API", "src\services\NS.Clients.API\NS.Clients.API.csproj", "{07C3337A-B697-481A-B8DA-231FC350FBF3}"
EndProject
Project("{2150E333-8FDC-42A3-9474-1A3956D46DE8}") = "MessageBus", "MessageBus", "{A7E7974E-46A7-47C8-B566-6FDEC2FEEA2E}"
EndProject
Project("{9A19103F-16F7-4668-BE54-9A1E7A4F7556}") = "NS.MessageBus", "src\building blocks\NS.MessageBus\NS.MessageBus.csproj", "{3ED2F206-666C-44F7-859A-EFA6271DE331}"
EndProject
Project("{2150E333-8FDC-42A3-9474-1A3956D46DE8}") = "Basket", "Basket", "{BF7B7D8F-153C-46EC-B301-D76D237FBAA2}"
EndProject
Project("{9A19103F-16F7-4668-BE54-9A1E7A4F7556}") = "NS.Basket.API", "src\services\NS.Basket.API\NS.Basket.API.csproj", "{58BA147F-9D10-4504-AAC0-F7AAE6AE6F8B}"
EndProject
Project("{2150E333-8FDC-42A3-9474-1A3956D46DE8}") = "ApiGateways", "ApiGateways", "{77FBA46C-953A-4E9D-819E-C506579577E4}"
EndProject
Project("{2150E333-8FDC-42A3-9474-1A3956D46DE8}") = "Shopping", "Shopping", "{7F8FE9D9-06A1-4CD1-94F8-368B921239BC}"
EndProject
Project("{9A19103F-16F7-4668-BE54-9A1E7A4F7556}") = "NS.BFF.Shopping", "src\api gateways\NS.BFF.Shopping\NS.BFF.Shopping.csproj", "{90607C25-53CC-4B97-A1E5-BCB1BD122665}"
EndProject
Project("{2150E333-8FDC-42A3-9474-1A3956D46DE8}") = "Order", "Order", "{20EC9A5E-8A2C-4B70-AE75-1693A79602A0}"
EndProject
Project("{2150E333-8FDC-42A3-9474-1A3956D46DE8}") = "Payment", "Payment", "{ED7D0716-41FC-4FC9-A165-12556D1D2B14}"
EndProject
Project("{FAE04EC0-301F-11D3-BF4B-00C04F79EFBC}") = "NS.Orders.API", "src\services\NS.Orders.API\NS.Orders.API.csproj", "{8F29AE40-0BB1-4A94-B467-D26089F29EF9}"
EndProject
Project("{FAE04EC0-301F-11D3-BF4B-00C04F79EFBC}") = "NS.Orders.Domain", "src\services\NS.Orders.Domain\NS.Orders.Domain.csproj", "{774E1C97-8A25-43BE-8128-5E649AB9ED50}"
EndProject
Project("{FAE04EC0-301F-11D3-BF4B-00C04F79EFBC}") = "NS.Orders.Infra", "src\services\NS.Orders.Infra\NS.Orders.Infra.csproj", "{CF406E04-5E8E-443D-818A-7C4CAB45D77E}"
EndProject
Global
	GlobalSection(SolutionConfigurationPlatforms) = preSolution
		Debug|Any CPU = Debug|Any CPU
		Release|Any CPU = Release|Any CPU
	EndGlobalSection
	GlobalSection(ProjectConfigurationPlatforms) = postSolution
		{90C30E96-37F0-4E02-8056-F64ED06A1ACB}.Debug|Any CPU.ActiveCfg = Debug|Any CPU
		{90C30E96-37F0-4E02-8056-F64ED06A1ACB}.Debug|Any CPU.Build.0 = Debug|Any CPU
		{90C30E96-37F0-4E02-8056-F64ED06A1ACB}.Release|Any CPU.ActiveCfg = Release|Any CPU
		{90C30E96-37F0-4E02-8056-F64ED06A1ACB}.Release|Any CPU.Build.0 = Release|Any CPU
		{E2CA6BDB-F9A5-4729-8B86-0BD8EE92C311}.Debug|Any CPU.ActiveCfg = Debug|Any CPU
		{E2CA6BDB-F9A5-4729-8B86-0BD8EE92C311}.Debug|Any CPU.Build.0 = Debug|Any CPU
		{E2CA6BDB-F9A5-4729-8B86-0BD8EE92C311}.Release|Any CPU.ActiveCfg = Release|Any CPU
		{E2CA6BDB-F9A5-4729-8B86-0BD8EE92C311}.Release|Any CPU.Build.0 = Release|Any CPU
		{F7B1F91C-BC6A-456A-8B73-B5B527D20B01}.Debug|Any CPU.ActiveCfg = Debug|Any CPU
		{F7B1F91C-BC6A-456A-8B73-B5B527D20B01}.Debug|Any CPU.Build.0 = Debug|Any CPU
		{F7B1F91C-BC6A-456A-8B73-B5B527D20B01}.Release|Any CPU.ActiveCfg = Release|Any CPU
		{F7B1F91C-BC6A-456A-8B73-B5B527D20B01}.Release|Any CPU.Build.0 = Release|Any CPU
		{7D241F35-8879-49CA-84AC-C39E0B667BE8}.Debug|Any CPU.ActiveCfg = Debug|Any CPU
		{7D241F35-8879-49CA-84AC-C39E0B667BE8}.Debug|Any CPU.Build.0 = Debug|Any CPU
		{7D241F35-8879-49CA-84AC-C39E0B667BE8}.Release|Any CPU.ActiveCfg = Release|Any CPU
		{7D241F35-8879-49CA-84AC-C39E0B667BE8}.Release|Any CPU.Build.0 = Release|Any CPU
		{3011CAEC-8B77-46F6-91D8-9A9B58B69878}.Debug|Any CPU.ActiveCfg = Debug|Any CPU
		{3011CAEC-8B77-46F6-91D8-9A9B58B69878}.Debug|Any CPU.Build.0 = Debug|Any CPU
		{3011CAEC-8B77-46F6-91D8-9A9B58B69878}.Release|Any CPU.ActiveCfg = Release|Any CPU
		{3011CAEC-8B77-46F6-91D8-9A9B58B69878}.Release|Any CPU.Build.0 = Release|Any CPU
		{07C3337A-B697-481A-B8DA-231FC350FBF3}.Debug|Any CPU.ActiveCfg = Debug|Any CPU
		{07C3337A-B697-481A-B8DA-231FC350FBF3}.Debug|Any CPU.Build.0 = Debug|Any CPU
		{07C3337A-B697-481A-B8DA-231FC350FBF3}.Release|Any CPU.ActiveCfg = Release|Any CPU
		{07C3337A-B697-481A-B8DA-231FC350FBF3}.Release|Any CPU.Build.0 = Release|Any CPU
		{3ED2F206-666C-44F7-859A-EFA6271DE331}.Debug|Any CPU.ActiveCfg = Debug|Any CPU
		{3ED2F206-666C-44F7-859A-EFA6271DE331}.Debug|Any CPU.Build.0 = Debug|Any CPU
		{3ED2F206-666C-44F7-859A-EFA6271DE331}.Release|Any CPU.ActiveCfg = Release|Any CPU
		{3ED2F206-666C-44F7-859A-EFA6271DE331}.Release|Any CPU.Build.0 = Release|Any CPU
		{58BA147F-9D10-4504-AAC0-F7AAE6AE6F8B}.Debug|Any CPU.ActiveCfg = Debug|Any CPU
		{58BA147F-9D10-4504-AAC0-F7AAE6AE6F8B}.Debug|Any CPU.Build.0 = Debug|Any CPU
		{58BA147F-9D10-4504-AAC0-F7AAE6AE6F8B}.Release|Any CPU.ActiveCfg = Release|Any CPU
		{58BA147F-9D10-4504-AAC0-F7AAE6AE6F8B}.Release|Any CPU.Build.0 = Release|Any CPU
		{90607C25-53CC-4B97-A1E5-BCB1BD122665}.Debug|Any CPU.ActiveCfg = Debug|Any CPU
		{90607C25-53CC-4B97-A1E5-BCB1BD122665}.Debug|Any CPU.Build.0 = Debug|Any CPU
		{90607C25-53CC-4B97-A1E5-BCB1BD122665}.Release|Any CPU.ActiveCfg = Release|Any CPU
		{90607C25-53CC-4B97-A1E5-BCB1BD122665}.Release|Any CPU.Build.0 = Release|Any CPU
		{8F29AE40-0BB1-4A94-B467-D26089F29EF9}.Debug|Any CPU.ActiveCfg = Debug|Any CPU
		{8F29AE40-0BB1-4A94-B467-D26089F29EF9}.Debug|Any CPU.Build.0 = Debug|Any CPU
		{8F29AE40-0BB1-4A94-B467-D26089F29EF9}.Release|Any CPU.ActiveCfg = Release|Any CPU
		{8F29AE40-0BB1-4A94-B467-D26089F29EF9}.Release|Any CPU.Build.0 = Release|Any CPU
		{774E1C97-8A25-43BE-8128-5E649AB9ED50}.Debug|Any CPU.ActiveCfg = Debug|Any CPU
		{774E1C97-8A25-43BE-8128-5E649AB9ED50}.Debug|Any CPU.Build.0 = Debug|Any CPU
		{774E1C97-8A25-43BE-8128-5E649AB9ED50}.Release|Any CPU.ActiveCfg = Release|Any CPU
		{774E1C97-8A25-43BE-8128-5E649AB9ED50}.Release|Any CPU.Build.0 = Release|Any CPU
		{CF406E04-5E8E-443D-818A-7C4CAB45D77E}.Debug|Any CPU.ActiveCfg = Debug|Any CPU
		{CF406E04-5E8E-443D-818A-7C4CAB45D77E}.Debug|Any CPU.Build.0 = Debug|Any CPU
		{CF406E04-5E8E-443D-818A-7C4CAB45D77E}.Release|Any CPU.ActiveCfg = Release|Any CPU
		{CF406E04-5E8E-443D-818A-7C4CAB45D77E}.Release|Any CPU.Build.0 = Release|Any CPU
	EndGlobalSection
	GlobalSection(SolutionProperties) = preSolution
		HideSolutionNode = FALSE
	EndGlobalSection
	GlobalSection(NestedProjects) = preSolution
		{CD256004-D142-4E03-98C3-BC4ADCD33ADE} = {10BAE420-7F60-4603-9194-85346D0ABBF3}
		{4A3B5BBE-603C-4056-A33F-EF7DA48C74A7} = {10BAE420-7F60-4603-9194-85346D0ABBF3}
		{B0D86A5E-AE98-49B3-B58C-11D6B584D9C8} = {10BAE420-7F60-4603-9194-85346D0ABBF3}
		{7768BAE5-0C76-4AF7-A584-0CE1C6CF6CE9} = {4A3B5BBE-603C-4056-A33F-EF7DA48C74A7}
		{90C30E96-37F0-4E02-8056-F64ED06A1ACB} = {7768BAE5-0C76-4AF7-A584-0CE1C6CF6CE9}
		{5C1A42D9-5BC1-4255-97C8-0D233E5E690F} = {B0D86A5E-AE98-49B3-B58C-11D6B584D9C8}
		{E2CA6BDB-F9A5-4729-8B86-0BD8EE92C311} = {5C1A42D9-5BC1-4255-97C8-0D233E5E690F}
		{8C450CA0-5924-4E2D-B47E-BBA394647C2A} = {CD256004-D142-4E03-98C3-BC4ADCD33ADE}
		{F7B1F91C-BC6A-456A-8B73-B5B527D20B01} = {8C450CA0-5924-4E2D-B47E-BBA394647C2A}
		{6C408877-5A0E-4232-B5C3-24B291512F7F} = {4A3B5BBE-603C-4056-A33F-EF7DA48C74A7}
		{7D241F35-8879-49CA-84AC-C39E0B667BE8} = {6C408877-5A0E-4232-B5C3-24B291512F7F}
		{EE45A56E-F95D-42CC-B8C0-1FAB42F5CB0C} = {CD256004-D142-4E03-98C3-BC4ADCD33ADE}
		{3011CAEC-8B77-46F6-91D8-9A9B58B69878} = {EE45A56E-F95D-42CC-B8C0-1FAB42F5CB0C}
		{D4318165-6DE1-4AC1-A097-8CB64B7D6C9D} = {4A3B5BBE-603C-4056-A33F-EF7DA48C74A7}
		{07C3337A-B697-481A-B8DA-231FC350FBF3} = {D4318165-6DE1-4AC1-A097-8CB64B7D6C9D}
		{A7E7974E-46A7-47C8-B566-6FDEC2FEEA2E} = {CD256004-D142-4E03-98C3-BC4ADCD33ADE}
		{3ED2F206-666C-44F7-859A-EFA6271DE331} = {A7E7974E-46A7-47C8-B566-6FDEC2FEEA2E}
		{BF7B7D8F-153C-46EC-B301-D76D237FBAA2} = {4A3B5BBE-603C-4056-A33F-EF7DA48C74A7}
		{58BA147F-9D10-4504-AAC0-F7AAE6AE6F8B} = {BF7B7D8F-153C-46EC-B301-D76D237FBAA2}
		{77FBA46C-953A-4E9D-819E-C506579577E4} = {10BAE420-7F60-4603-9194-85346D0ABBF3}
		{7F8FE9D9-06A1-4CD1-94F8-368B921239BC} = {77FBA46C-953A-4E9D-819E-C506579577E4}
		{90607C25-53CC-4B97-A1E5-BCB1BD122665} = {7F8FE9D9-06A1-4CD1-94F8-368B921239BC}
		{20EC9A5E-8A2C-4B70-AE75-1693A79602A0} = {4A3B5BBE-603C-4056-A33F-EF7DA48C74A7}
		{ED7D0716-41FC-4FC9-A165-12556D1D2B14} = {4A3B5BBE-603C-4056-A33F-EF7DA48C74A7}
		{8F29AE40-0BB1-4A94-B467-D26089F29EF9} = {20EC9A5E-8A2C-4B70-AE75-1693A79602A0}
		{774E1C97-8A25-43BE-8128-5E649AB9ED50} = {20EC9A5E-8A2C-4B70-AE75-1693A79602A0}
		{CF406E04-5E8E-443D-818A-7C4CAB45D77E} = {20EC9A5E-8A2C-4B70-AE75-1693A79602A0}
	EndGlobalSection
	GlobalSection(ExtensibilityGlobals) = postSolution
		SolutionGuid = {102CD793-527D-4C1E-8DB8-752C21DB4949}
	EndGlobalSection
EndGlobal
